
Microsoft Visual Studio Solution File, Format Version 12.00
# Visual Studio Version 17
VisualStudioVersion = 17.1.32210.238
MinimumVisualStudioVersion = 10.0.40219.1
Project("{9A19103F-16F7-4668-BE54-9A1E7A4F7556}") = "HttpClient", "HttpClient\HttpClient.csproj", "{770F363D-73F9-463B-AD34-6D990D198612}"
EndProject
Project("{9A19103F-16F7-4668-BE54-9A1E7A4F7556}") = "HttpClient.Tests.Unit", "HttpClient.Tests.Unit\HttpClient.Tests.Unit.csproj", "{C2E4971D-47F0-4394-A91B-EAF4E1540512}"
EndProject
Global
	GlobalSection(SolutionConfigurationPlatforms) = preSolution
		Debug|Any CPU = Debug|Any CPU
		Release|Any CPU = Release|Any CPU
	EndGlobalSection
	GlobalSection(ProjectConfigurationPlatforms) = postSolution
		{770F363D-73F9-463B-AD34-6D990D198612}.Debug|Any CPU.ActiveCfg = Debug|Any CPU
		{770F363D-73F9-463B-AD34-6D990D198612}.Debug|Any CPU.Build.0 = Debug|Any CPU
		{770F363D-73F9-463B-AD34-6D990D198612}.Release|Any CPU.ActiveCfg = Release|Any CPU
		{770F363D-73F9-463B-AD34-6D990D198612}.Release|Any CPU.Build.0 = Release|Any CPU
		{C2E4971D-47F0-4394-A91B-EAF4E1540512}.Debug|Any CPU.ActiveCfg = Debug|Any CPU
		{C2E4971D-47F0-4394-A91B-EAF4E1540512}.Debug|Any CPU.Build.0 = Debug|Any CPU
		{C2E4971D-47F0-4394-A91B-EAF4E1540512}.Release|Any CPU.ActiveCfg = Release|Any CPU
		{C2E4971D-47F0-4394-A91B-EAF4E1540512}.Release|Any CPU.Build.0 = Release|Any CPU
	EndGlobalSection
	GlobalSection(SolutionProperties) = preSolution
		HideSolutionNode = FALSE
	EndGlobalSection
	GlobalSection(ExtensibilityGlobals) = postSolution
		SolutionGuid = {63BD5D86-D386-4AED-8C7D-99FC89D2855B}
	EndGlobalSection
EndGlobal
